// !$*UTF8*$!
{
	archiveVersion = 1;
	classes = {
	};
	objectVersion = 46;
	objects = {

/* Begin PBXBuildFile section */
		D53385080C6E2F4C0E9DFCD1 /* libPods.a in Frameworks */ = {isa = PBXBuildFile; fileRef = B7A070EEF9DACCAD5CBD91EC /* libPods.a */; };
		FE20B1FC1AE828D500F43959 /* BYASidebarController.m in Sources */ = {isa = PBXBuildFile; fileRef = FE20B1FB1AE828D500F43959 /* BYASidebarController.m */; };
		FE3C8C8E1AE144EB001D6BB7 /* BYAWebViewController.m in Sources */ = {isa = PBXBuildFile; fileRef = FE3C8C8D1AE144EB001D6BB7 /* BYAWebViewController.m */; };
		FE69C31E1B2EE9AA00185C92 /* BYAGeobox.m in Sources */ = {isa = PBXBuildFile; fileRef = FE69C31D1B2EE9AA00185C92 /* BYAGeobox.m */; };
		FE851EE81AD121C300BFB09A /* Main.storyboard in Resources */ = {isa = PBXBuildFile; fileRef = FE851EE61AD121C300BFB09A /* Main.storyboard */; };
		FE851EEA1AD121C300BFB09A /* Images.xcassets in Resources */ = {isa = PBXBuildFile; fileRef = FE851EE91AD121C300BFB09A /* Images.xcassets */; };
		FE851EED1AD121C300BFB09A /* LaunchScreen.xib in Resources */ = {isa = PBXBuildFile; fileRef = FE851EEB1AD121C300BFB09A /* LaunchScreen.xib */; };
		FE851F071AD1281900BFB09A /* AppDelegate.m in Sources */ = {isa = PBXBuildFile; fileRef = FE851F031AD1281900BFB09A /* AppDelegate.m */; };
		FE851F081AD1281900BFB09A /* main.m in Sources */ = {isa = PBXBuildFile; fileRef = FE851F041AD1281900BFB09A /* main.m */; };
		FE851F151AD1389900BFB09A /* BYAApartmentCell.m in Sources */ = {isa = PBXBuildFile; fileRef = FE851F141AD1389900BFB09A /* BYAApartmentCell.m */; };
		FE851F181AD1392300BFB09A /* BYAApartmentsListViewController.m in Sources */ = {isa = PBXBuildFile; fileRef = FE851F171AD1392300BFB09A /* BYAApartmentsListViewController.m */; };
		FE92756C1B3734C700B21B4D /* BYAApartmentOwnerCell.m in Sources */ = {isa = PBXBuildFile; fileRef = FE92756B1B3734C700B21B4D /* BYAApartmentOwnerCell.m */; };
		FE92756F1B375D8E00B21B4D /* BYAApartmentOption.m in Sources */ = {isa = PBXBuildFile; fileRef = FE92756E1B375D8E00B21B4D /* BYAApartmentOption.m */; };
		FE9414521B13B461000E3E6A /* BYAApartmentsModel.m in Sources */ = {isa = PBXBuildFile; fileRef = FE9414511B13B461000E3E6A /* BYAApartmentsModel.m */; };
		FE9414561B13BEC2000E3E6A /* BYAApartment.m in Sources */ = {isa = PBXBuildFile; fileRef = FE9414551B13BEC2000E3E6A /* BYAApartment.m */; };
		FEDB77171B0132D200CF7ACC /* BYAPriceFormatter.m in Sources */ = {isa = PBXBuildFile; fileRef = FEDB77161B0132D200CF7ACC /* BYAPriceFormatter.m */; };
		FEDB771A1B01354100CF7ACC /* BYAFilterModel.m in Sources */ = {isa = PBXBuildFile; fileRef = FEDB77191B01354100CF7ACC /* BYAFilterModel.m */; };
		FEFB150A1B317CD7000F27BF /* BYAApartmentPhotosCell.m in Sources */ = {isa = PBXBuildFile; fileRef = FEFB15091B317CD7000F27BF /* BYAApartmentPhotosCell.m */; };
		FEFB150D1B3188CB000F27BF /* BYAApartmentPriceCell.m in Sources */ = {isa = PBXBuildFile; fileRef = FEFB150C1B3188CB000F27BF /* BYAApartmentPriceCell.m */; };
		FEFB15101B318911000F27BF /* BYAApartmentOptionsCell.m in Sources */ = {isa = PBXBuildFile; fileRef = FEFB150F1B318911000F27BF /* BYAApartmentOptionsCell.m */; };
		FEFB15131B318941000F27BF /* BYAApartmentDescriptionCell.m in Sources */ = {isa = PBXBuildFile; fileRef = FEFB15121B318941000F27BF /* BYAApartmentDescriptionCell.m */; };
		FEFB15161B31896B000F27BF /* BYAApartmentAddressCell.m in Sources */ = {isa = PBXBuildFile; fileRef = FEFB15151B31896B000F27BF /* BYAApartmentAddressCell.m */; };
		FEFB15191B318D0E000F27BF /* BYAApartmentController.m in Sources */ = {isa = PBXBuildFile; fileRef = FEFB15181B318D0E000F27BF /* BYAApartmentController.m */; };
/* End PBXBuildFile section */

/* Begin PBXFileReference section */
		04CD670973547C1F94590720 /* Pods.debug.xcconfig */ = {isa = PBXFileReference; includeInIndex = 1; lastKnownFileType = text.xcconfig; name = Pods.debug.xcconfig; path = "ByApartments/Supporting Files/Pods/Target Support Files/Pods/Pods.debug.xcconfig"; sourceTree = "<group>"; };
		B7A070EEF9DACCAD5CBD91EC /* libPods.a */ = {isa = PBXFileReference; explicitFileType = archive.ar; includeInIndex = 0; path = libPods.a; sourceTree = BUILT_PRODUCTS_DIR; };
		EA63A4B5B9CA48AF3C7D3A01 /* Pods.release.xcconfig */ = {isa = PBXFileReference; includeInIndex = 1; lastKnownFileType = text.xcconfig; name = Pods.release.xcconfig; path = "ByApartments/Supporting Files/Pods/Target Support Files/Pods/Pods.release.xcconfig"; sourceTree = "<group>"; };
		FE20B1FA1AE828D500F43959 /* BYASidebarController.h */ = {isa = PBXFileReference; fileEncoding = 4; lastKnownFileType = sourcecode.c.h; path = BYASidebarController.h; sourceTree = "<group>"; };
		FE20B1FB1AE828D500F43959 /* BYASidebarController.m */ = {isa = PBXFileReference; fileEncoding = 4; lastKnownFileType = sourcecode.c.objc; path = BYASidebarController.m; sourceTree = "<group>"; };
		FE3C8C8C1AE144EB001D6BB7 /* BYAWebViewController.h */ = {isa = PBXFileReference; fileEncoding = 4; lastKnownFileType = sourcecode.c.h; path = BYAWebViewController.h; sourceTree = "<group>"; };
		FE3C8C8D1AE144EB001D6BB7 /* BYAWebViewController.m */ = {isa = PBXFileReference; fileEncoding = 4; lastKnownFileType = sourcecode.c.objc; path = BYAWebViewController.m; sourceTree = "<group>"; };
		FE69C31C1B2EE9AA00185C92 /* BYAGeobox.h */ = {isa = PBXFileReference; fileEncoding = 4; lastKnownFileType = sourcecode.c.h; path = BYAGeobox.h; sourceTree = "<group>"; };
		FE69C31D1B2EE9AA00185C92 /* BYAGeobox.m */ = {isa = PBXFileReference; fileEncoding = 4; lastKnownFileType = sourcecode.c.objc; path = BYAGeobox.m; sourceTree = "<group>"; };
		FE851ED91AD121C300BFB09A /* ByApartments.app */ = {isa = PBXFileReference; explicitFileType = wrapper.application; includeInIndex = 0; path = ByApartments.app; sourceTree = BUILT_PRODUCTS_DIR; };
		FE851EE71AD121C300BFB09A /* Base */ = {isa = PBXFileReference; lastKnownFileType = file.storyboard; name = Base; path = Base.lproj/Main.storyboard; sourceTree = "<group>"; };
		FE851EE91AD121C300BFB09A /* Images.xcassets */ = {isa = PBXFileReference; lastKnownFileType = folder.assetcatalog; path = Images.xcassets; sourceTree = "<group>"; };
		FE851EEC1AD121C300BFB09A /* Base */ = {isa = PBXFileReference; lastKnownFileType = file.xib; name = Base; path = Base.lproj/LaunchScreen.xib; sourceTree = "<group>"; };
		FE851F021AD1281900BFB09A /* AppDelegate.h */ = {isa = PBXFileReference; fileEncoding = 4; lastKnownFileType = sourcecode.c.h; name = AppDelegate.h; path = Classes/AppDelegate.h; sourceTree = "<group>"; };
		FE851F031AD1281900BFB09A /* AppDelegate.m */ = {isa = PBXFileReference; fileEncoding = 4; lastKnownFileType = sourcecode.c.objc; name = AppDelegate.m; path = Classes/AppDelegate.m; sourceTree = "<group>"; };
		FE851F041AD1281900BFB09A /* main.m */ = {isa = PBXFileReference; fileEncoding = 4; lastKnownFileType = sourcecode.c.objc; name = main.m; path = Classes/main.m; sourceTree = "<group>"; };
		FE851F0A1AD1283F00BFB09A /* Info.plist */ = {isa = PBXFileReference; fileEncoding = 4; lastKnownFileType = text.plist.xml; name = Info.plist; path = "Supporting Files/Info.plist"; sourceTree = "<group>"; };
		FE851F131AD1389900BFB09A /* BYAApartmentCell.h */ = {isa = PBXFileReference; fileEncoding = 4; lastKnownFileType = sourcecode.c.h; path = BYAApartmentCell.h; sourceTree = "<group>"; };
		FE851F141AD1389900BFB09A /* BYAApartmentCell.m */ = {isa = PBXFileReference; fileEncoding = 4; lastKnownFileType = sourcecode.c.objc; path = BYAApartmentCell.m; sourceTree = "<group>"; };
		FE851F161AD1392300BFB09A /* BYAApartmentsListViewController.h */ = {isa = PBXFileReference; fileEncoding = 4; lastKnownFileType = sourcecode.c.h; path = BYAApartmentsListViewController.h; sourceTree = "<group>"; };
		FE851F171AD1392300BFB09A /* BYAApartmentsListViewController.m */ = {isa = PBXFileReference; fileEncoding = 4; lastKnownFileType = sourcecode.c.objc; path = BYAApartmentsListViewController.m; sourceTree = "<group>"; };
		FE92756A1B3734C700B21B4D /* BYAApartmentOwnerCell.h */ = {isa = PBXFileReference; fileEncoding = 4; lastKnownFileType = sourcecode.c.h; path = BYAApartmentOwnerCell.h; sourceTree = "<group>"; };
		FE92756B1B3734C700B21B4D /* BYAApartmentOwnerCell.m */ = {isa = PBXFileReference; fileEncoding = 4; lastKnownFileType = sourcecode.c.objc; path = BYAApartmentOwnerCell.m; sourceTree = "<group>"; };
		FE92756D1B375D8E00B21B4D /* BYAApartmentOption.h */ = {isa = PBXFileReference; fileEncoding = 4; lastKnownFileType = sourcecode.c.h; path = BYAApartmentOption.h; sourceTree = "<group>"; };
		FE92756E1B375D8E00B21B4D /* BYAApartmentOption.m */ = {isa = PBXFileReference; fileEncoding = 4; lastKnownFileType = sourcecode.c.objc; path = BYAApartmentOption.m; sourceTree = "<group>"; };
		FE9414501B13B461000E3E6A /* BYAApartmentsModel.h */ = {isa = PBXFileReference; fileEncoding = 4; lastKnownFileType = sourcecode.c.h; path = BYAApartmentsModel.h; sourceTree = "<group>"; };
		FE9414511B13B461000E3E6A /* BYAApartmentsModel.m */ = {isa = PBXFileReference; fileEncoding = 4; lastKnownFileType = sourcecode.c.objc; path = BYAApartmentsModel.m; sourceTree = "<group>"; };
		FE9414531B13B4F6000E3E6A /* BYARemoteObject.h */ = {isa = PBXFileReference; fileEncoding = 4; lastKnownFileType = sourcecode.c.h; path = BYARemoteObject.h; sourceTree = "<group>"; };
		FE9414541B13BEC2000E3E6A /* BYAApartment.h */ = {isa = PBXFileReference; fileEncoding = 4; lastKnownFileType = sourcecode.c.h; path = BYAApartment.h; sourceTree = "<group>"; };
		FE9414551B13BEC2000E3E6A /* BYAApartment.m */ = {isa = PBXFileReference; fileEncoding = 4; lastKnownFileType = sourcecode.c.objc; path = BYAApartment.m; sourceTree = "<group>"; };
		FEAAC51A1B2EF55C008A86F4 /* BYASerialization.h */ = {isa = PBXFileReference; fileEncoding = 4; lastKnownFileType = sourcecode.c.h; path = BYASerialization.h; sourceTree = "<group>"; };
		FEDB77151B0132D200CF7ACC /* BYAPriceFormatter.h */ = {isa = PBXFileReference; fileEncoding = 4; lastKnownFileType = sourcecode.c.h; name = BYAPriceFormatter.h; path = Utility/BYAPriceFormatter.h; sourceTree = "<group>"; };
		FEDB77161B0132D200CF7ACC /* BYAPriceFormatter.m */ = {isa = PBXFileReference; fileEncoding = 4; lastKnownFileType = sourcecode.c.objc; name = BYAPriceFormatter.m; path = Utility/BYAPriceFormatter.m; sourceTree = "<group>"; };
		FEDB77181B01354100CF7ACC /* BYAFilterModel.h */ = {isa = PBXFileReference; fileEncoding = 4; lastKnownFileType = sourcecode.c.h; path = BYAFilterModel.h; sourceTree = "<group>"; };
		FEDB77191B01354100CF7ACC /* BYAFilterModel.m */ = {isa = PBXFileReference; fileEncoding = 4; lastKnownFileType = sourcecode.c.objc; path = BYAFilterModel.m; sourceTree = "<group>"; };
		FEFB15081B317CD7000F27BF /* BYAApartmentPhotosCell.h */ = {isa = PBXFileReference; fileEncoding = 4; lastKnownFileType = sourcecode.c.h; path = BYAApartmentPhotosCell.h; sourceTree = "<group>"; };
		FEFB15091B317CD7000F27BF /* BYAApartmentPhotosCell.m */ = {isa = PBXFileReference; fileEncoding = 4; lastKnownFileType = sourcecode.c.objc; path = BYAApartmentPhotosCell.m; sourceTree = "<group>"; };
		FEFB150B1B3188CB000F27BF /* BYAApartmentPriceCell.h */ = {isa = PBXFileReference; fileEncoding = 4; lastKnownFileType = sourcecode.c.h; path = BYAApartmentPriceCell.h; sourceTree = "<group>"; };
		FEFB150C1B3188CB000F27BF /* BYAApartmentPriceCell.m */ = {isa = PBXFileReference; fileEncoding = 4; lastKnownFileType = sourcecode.c.objc; path = BYAApartmentPriceCell.m; sourceTree = "<group>"; };
		FEFB150E1B318911000F27BF /* BYAApartmentOptionsCell.h */ = {isa = PBXFileReference; fileEncoding = 4; lastKnownFileType = sourcecode.c.h; path = BYAApartmentOptionsCell.h; sourceTree = "<group>"; };
		FEFB150F1B318911000F27BF /* BYAApartmentOptionsCell.m */ = {isa = PBXFileReference; fileEncoding = 4; lastKnownFileType = sourcecode.c.objc; path = BYAApartmentOptionsCell.m; sourceTree = "<group>"; };
		FEFB15111B318941000F27BF /* BYAApartmentDescriptionCell.h */ = {isa = PBXFileReference; fileEncoding = 4; lastKnownFileType = sourcecode.c.h; path = BYAApartmentDescriptionCell.h; sourceTree = "<group>"; };
		FEFB15121B318941000F27BF /* BYAApartmentDescriptionCell.m */ = {isa = PBXFileReference; fileEncoding = 4; lastKnownFileType = sourcecode.c.objc; path = BYAApartmentDescriptionCell.m; sourceTree = "<group>"; };
		FEFB15141B31896B000F27BF /* BYAApartmentAddressCell.h */ = {isa = PBXFileReference; fileEncoding = 4; lastKnownFileType = sourcecode.c.h; path = BYAApartmentAddressCell.h; sourceTree = "<group>"; };
		FEFB15151B31896B000F27BF /* BYAApartmentAddressCell.m */ = {isa = PBXFileReference; fileEncoding = 4; lastKnownFileType = sourcecode.c.objc; path = BYAApartmentAddressCell.m; sourceTree = "<group>"; };
		FEFB15171B318D0E000F27BF /* BYAApartmentController.h */ = {isa = PBXFileReference; fileEncoding = 4; lastKnownFileType = sourcecode.c.h; path = BYAApartmentController.h; sourceTree = "<group>"; };
		FEFB15181B318D0E000F27BF /* BYAApartmentController.m */ = {isa = PBXFileReference; fileEncoding = 4; lastKnownFileType = sourcecode.c.objc; path = BYAApartmentController.m; sourceTree = "<group>"; };
/* End PBXFileReference section */

/* Begin PBXFrameworksBuildPhase section */
		FE851ED61AD121C300BFB09A /* Frameworks */ = {
			isa = PBXFrameworksBuildPhase;
			buildActionMask = 2147483647;
			files = (
				D53385080C6E2F4C0E9DFCD1 /* libPods.a in Frameworks */,
			);
			runOnlyForDeploymentPostprocessing = 0;
		};
/* End PBXFrameworksBuildPhase section */

/* Begin PBXGroup section */
		04F2DB9E05D62A27510C0C09 /* Pods */ = {
			isa = PBXGroup;
			children = (
				04CD670973547C1F94590720 /* Pods.debug.xcconfig */,
				EA63A4B5B9CA48AF3C7D3A01 /* Pods.release.xcconfig */,
			);
			name = Pods;
			sourceTree = "<group>";
		};
		6F172EF0DEFE25043F4D4219 /* Frameworks */ = {
			isa = PBXGroup;
			children = (
				B7A070EEF9DACCAD5CBD91EC /* libPods.a */,
			);
			name = Frameworks;
			sourceTree = "<group>";
		};
		FE851ED01AD121C300BFB09A = {
			isa = PBXGroup;
			children = (
				FE851EDB1AD121C300BFB09A /* ByApartments */,
				FE851EDA1AD121C300BFB09A /* Products */,
				04F2DB9E05D62A27510C0C09 /* Pods */,
				6F172EF0DEFE25043F4D4219 /* Frameworks */,
			);
			sourceTree = "<group>";
		};
		FE851EDA1AD121C300BFB09A /* Products */ = {
			isa = PBXGroup;
			children = (
				FE851ED91AD121C300BFB09A /* ByApartments.app */,
			);
			name = Products;
			sourceTree = "<group>";
		};
		FE851EDB1AD121C300BFB09A /* ByApartments */ = {
			isa = PBXGroup;
			children = (
				FEDB77141B0132AE00CF7ACC /* Utility */,
				FE851F121AD1380B00BFB09A /* Categories */,
				FE851F0E1AD1336900BFB09A /* Controller */,
				FE851F0D1AD1336700BFB09A /* View */,
				FE851F0C1AD1336000BFB09A /* Model */,
				FE851EDC1AD121C300BFB09A /* Supporting Files */,
			);
			path = ByApartments;
			sourceTree = "<group>";
		};
		FE851EDC1AD121C300BFB09A /* Supporting Files */ = {
			isa = PBXGroup;
			children = (
				FE851EE61AD121C300BFB09A /* Main.storyboard */,
				FE851EEB1AD121C300BFB09A /* LaunchScreen.xib */,
				FE851EE91AD121C300BFB09A /* Images.xcassets */,
				FE851F021AD1281900BFB09A /* AppDelegate.h */,
				FE851F031AD1281900BFB09A /* AppDelegate.m */,
				FE851F0A1AD1283F00BFB09A /* Info.plist */,
				FE851F041AD1281900BFB09A /* main.m */,
			);
			name = "Supporting Files";
			sourceTree = "<group>";
		};
		FE851F0C1AD1336000BFB09A /* Model */ = {
			isa = PBXGroup;
			children = (
				FEDB77181B01354100CF7ACC /* BYAFilterModel.h */,
				FEDB77191B01354100CF7ACC /* BYAFilterModel.m */,
				FE9414501B13B461000E3E6A /* BYAApartmentsModel.h */,
				FE9414511B13B461000E3E6A /* BYAApartmentsModel.m */,
				FE9414541B13BEC2000E3E6A /* BYAApartment.h */,
				FE9414551B13BEC2000E3E6A /* BYAApartment.m */,
				FE69C31C1B2EE9AA00185C92 /* BYAGeobox.h */,
				FE69C31D1B2EE9AA00185C92 /* BYAGeobox.m */,
				FE92756D1B375D8E00B21B4D /* BYAApartmentOption.h */,
				FE92756E1B375D8E00B21B4D /* BYAApartmentOption.m */,
			);
			name = Model;
			path = Classes/Model;
			sourceTree = "<group>";
		};
		FE851F0D1AD1336700BFB09A /* View */ = {
			isa = PBXGroup;
			children = (
				FE851F131AD1389900BFB09A /* BYAApartmentCell.h */,
				FE851F141AD1389900BFB09A /* BYAApartmentCell.m */,
				FEFB15081B317CD7000F27BF /* BYAApartmentPhotosCell.h */,
				FEFB15091B317CD7000F27BF /* BYAApartmentPhotosCell.m */,
				FEFB150B1B3188CB000F27BF /* BYAApartmentPriceCell.h */,
				FEFB150C1B3188CB000F27BF /* BYAApartmentPriceCell.m */,
				FEFB150E1B318911000F27BF /* BYAApartmentOptionsCell.h */,
				FEFB150F1B318911000F27BF /* BYAApartmentOptionsCell.m */,
				FEFB15111B318941000F27BF /* BYAApartmentDescriptionCell.h */,
				FEFB15121B318941000F27BF /* BYAApartmentDescriptionCell.m */,
				FEFB15141B31896B000F27BF /* BYAApartmentAddressCell.h */,
				FEFB15151B31896B000F27BF /* BYAApartmentAddressCell.m */,
				FE92756A1B3734C700B21B4D /* BYAApartmentOwnerCell.h */,
				FE92756B1B3734C700B21B4D /* BYAApartmentOwnerCell.m */,
			);
			name = View;
			path = Classes/View;
			sourceTree = "<group>";
		};
		FE851F0E1AD1336900BFB09A /* Controller */ = {
			isa = PBXGroup;
			children = (
				FE851F161AD1392300BFB09A /* BYAApartmentsListViewController.h */,
				FE851F171AD1392300BFB09A /* BYAApartmentsListViewController.m */,
				FE3C8C8C1AE144EB001D6BB7 /* BYAWebViewController.h */,
				FE3C8C8D1AE144EB001D6BB7 /* BYAWebViewController.m */,
				FE20B1FA1AE828D500F43959 /* BYASidebarController.h */,
				FE20B1FB1AE828D500F43959 /* BYASidebarController.m */,
				FEFB15171B318D0E000F27BF /* BYAApartmentController.h */,
				FEFB15181B318D0E000F27BF /* BYAApartmentController.m */,
			);
			name = Controller;
			path = Classes/Controller;
			sourceTree = "<group>";
		};
		FE851F121AD1380B00BFB09A /* Categories */ = {
			isa = PBXGroup;
			children = (
				FE9414531B13B4F6000E3E6A /* BYARemoteObject.h */,
				FEAAC51A1B2EF55C008A86F4 /* BYASerialization.h */,
			);
			name = Categories;
			path = Classes/Categories;
			sourceTree = "<group>";
		};
		FEDB77141B0132AE00CF7ACC /* Utility */ = {
			isa = PBXGroup;
			children = (
				FEDB77151B0132D200CF7ACC /* BYAPriceFormatter.h */,
				FEDB77161B0132D200CF7ACC /* BYAPriceFormatter.m */,
			);
			name = Utility;
			sourceTree = "<group>";
		};
/* End PBXGroup section */

/* Begin PBXNativeTarget section */
		FE851ED81AD121C300BFB09A /* ByApartments */ = {
			isa = PBXNativeTarget;
			buildConfigurationList = FE851EFC1AD121C300BFB09A /* Build configuration list for PBXNativeTarget "ByApartments" */;
			buildPhases = (
				0383CD3080DC2175408611B2 /* Check Pods Manifest.lock */,
				FE851ED51AD121C300BFB09A /* Sources */,
				FE851ED61AD121C300BFB09A /* Frameworks */,
				FE851ED71AD121C300BFB09A /* Resources */,
				98F0D29430555E8EF273A791 /* Copy Pods Resources */,
			);
			buildRules = (
			);
			dependencies = (
			);
			name = ByApartments;
			productName = ByApartments;
			productReference = FE851ED91AD121C300BFB09A /* ByApartments.app */;
			productType = "com.apple.product-type.application";
		};
/* End PBXNativeTarget section */

/* Begin PBXProject section */
		FE851ED11AD121C300BFB09A /* Project object */ = {
			isa = PBXProject;
			attributes = {
				CLASSPREFIX = BYA;
				LastUpgradeCheck = 0700;
				ORGANIZATIONNAME = "Roman Gardukevich";
				TargetAttributes = {
					FE851ED81AD121C300BFB09A = {
						CreatedOnToolsVersion = 6.2;
						DevelopmentTeam = 5U67EGLCUP;
						SystemCapabilities = {
							com.apple.DataProtection = {
								enabled = 1;
							};
						};
					};
				};
			};
			buildConfigurationList = FE851ED41AD121C300BFB09A /* Build configuration list for PBXProject "ByApartments" */;
			compatibilityVersion = "Xcode 3.2";
			developmentRegion = English;
			hasScannedForEncodings = 0;
			knownRegions = (
				en,
				Base,
			);
			mainGroup = FE851ED01AD121C300BFB09A;
			productRefGroup = FE851EDA1AD121C300BFB09A /* Products */;
			projectDirPath = "";
			projectRoot = "";
			targets = (
				FE851ED81AD121C300BFB09A /* ByApartments */,
			);
		};
/* End PBXProject section */

/* Begin PBXResourcesBuildPhase section */
		FE851ED71AD121C300BFB09A /* Resources */ = {
			isa = PBXResourcesBuildPhase;
			buildActionMask = 2147483647;
			files = (
				FE851EE81AD121C300BFB09A /* Main.storyboard in Resources */,
				FE851EED1AD121C300BFB09A /* LaunchScreen.xib in Resources */,
				FE851EEA1AD121C300BFB09A /* Images.xcassets in Resources */,
			);
			runOnlyForDeploymentPostprocessing = 0;
		};
/* End PBXResourcesBuildPhase section */

/* Begin PBXShellScriptBuildPhase section */
		0383CD3080DC2175408611B2 /* Check Pods Manifest.lock */ = {
			isa = PBXShellScriptBuildPhase;
			buildActionMask = 2147483647;
			files = (
			);
			inputPaths = (
			);
			name = "Check Pods Manifest.lock";
			outputPaths = (
			);
			runOnlyForDeploymentPostprocessing = 0;
			shellPath = /bin/sh;
			shellScript = "diff \"${PODS_ROOT}/../Podfile.lock\" \"${PODS_ROOT}/Manifest.lock\" > /dev/null\nif [[ $? != 0 ]] ; then\n    cat << EOM\nerror: The sandbox is not in sync with the Podfile.lock. Run 'pod install' or update your CocoaPods installation.\nEOM\n    exit 1\nfi\n";
			showEnvVarsInLog = 0;
		};
		98F0D29430555E8EF273A791 /* Copy Pods Resources */ = {
			isa = PBXShellScriptBuildPhase;
			buildActionMask = 2147483647;
			files = (
			);
			inputPaths = (
			);
			name = "Copy Pods Resources";
			outputPaths = (
			);
			runOnlyForDeploymentPostprocessing = 0;
			shellPath = /bin/sh;
			shellScript = "\"${SRCROOT}/ByApartments/Supporting Files/Pods/Target Support Files/Pods/Pods-resources.sh\"\n";
			showEnvVarsInLog = 0;
		};
/* End PBXShellScriptBuildPhase section */

/* Begin PBXSourcesBuildPhase section */
		FE851ED51AD121C300BFB09A /* Sources */ = {
			isa = PBXSourcesBuildPhase;
			buildActionMask = 2147483647;
			files = (
				FE851F181AD1392300BFB09A /* BYAApartmentsListViewController.m in Sources */,
				FE92756F1B375D8E00B21B4D /* BYAApartmentOption.m in Sources */,
				FE69C31E1B2EE9AA00185C92 /* BYAGeobox.m in Sources */,
				FEFB15161B31896B000F27BF /* BYAApartmentAddressCell.m in Sources */,
				FEDB771A1B01354100CF7ACC /* BYAFilterModel.m in Sources */,
				FEDB77171B0132D200CF7ACC /* BYAPriceFormatter.m in Sources */,
				FE92756C1B3734C700B21B4D /* BYAApartmentOwnerCell.m in Sources */,
				FEFB150A1B317CD7000F27BF /* BYAApartmentPhotosCell.m in Sources */,
				FE9414521B13B461000E3E6A /* BYAApartmentsModel.m in Sources */,
				FEFB15101B318911000F27BF /* BYAApartmentOptionsCell.m in Sources */,
				FE20B1FC1AE828D500F43959 /* BYASidebarController.m in Sources */,
				FE9414561B13BEC2000E3E6A /* BYAApartment.m in Sources */,
				FE3C8C8E1AE144EB001D6BB7 /* BYAWebViewController.m in Sources */,
				FE851F151AD1389900BFB09A /* BYAApartmentCell.m in Sources */,
				FEFB150D1B3188CB000F27BF /* BYAApartmentPriceCell.m in Sources */,
				FE851F071AD1281900BFB09A /* AppDelegate.m in Sources */,
				FE851F081AD1281900BFB09A /* main.m in Sources */,
				FEFB15131B318941000F27BF /* BYAApartmentDescriptionCell.m in Sources */,
				FEFB15191B318D0E000F27BF /* BYAApartmentController.m in Sources */,
			);
			runOnlyForDeploymentPostprocessing = 0;
		};
/* End PBXSourcesBuildPhase section */

/* Begin PBXVariantGroup section */
		FE851EE61AD121C300BFB09A /* Main.storyboard */ = {
			isa = PBXVariantGroup;
			children = (
				FE851EE71AD121C300BFB09A /* Base */,
			);
			name = Main.storyboard;
			sourceTree = "<group>";
		};
		FE851EEB1AD121C300BFB09A /* LaunchScreen.xib */ = {
			isa = PBXVariantGroup;
			children = (
				FE851EEC1AD121C300BFB09A /* Base */,
			);
			name = LaunchScreen.xib;
			sourceTree = "<group>";
		};
/* End PBXVariantGroup section */

/* Begin XCBuildConfiguration section */
		FE851EFA1AD121C300BFB09A /* Debug */ = {
			isa = XCBuildConfiguration;
			buildSettings = {
				ALWAYS_SEARCH_USER_PATHS = NO;
				CLANG_CXX_LANGUAGE_STANDARD = "gnu++0x";
				CLANG_CXX_LIBRARY = "libc++";
				CLANG_ENABLE_MODULES = YES;
				CLANG_ENABLE_OBJC_ARC = YES;
				CLANG_WARN_BOOL_CONVERSION = YES;
				CLANG_WARN_CONSTANT_CONVERSION = YES;
				CLANG_WARN_DIRECT_OBJC_ISA_USAGE = YES_ERROR;
				CLANG_WARN_EMPTY_BODY = YES;
				CLANG_WARN_ENUM_CONVERSION = YES;
				CLANG_WARN_INT_CONVERSION = YES;
				CLANG_WARN_OBJC_ROOT_CLASS = YES_ERROR;
				CLANG_WARN_UNREACHABLE_CODE = YES;
				CLANG_WARN__DUPLICATE_METHOD_MATCH = YES;
				"CODE_SIGN_IDENTITY[sdk=iphoneos*]" = "iPhone Developer";
				COPY_PHASE_STRIP = NO;
				ENABLE_STRICT_OBJC_MSGSEND = YES;
				ENABLE_TESTABILITY = YES;
				GCC_C_LANGUAGE_STANDARD = gnu99;
				GCC_DYNAMIC_NO_PIC = NO;
				GCC_OPTIMIZATION_LEVEL = 0;
				GCC_PREPROCESSOR_DEFINITIONS = (
					"DEBUG=1",
					"$(inherited)",
				);
				GCC_SYMBOLS_PRIVATE_EXTERN = NO;
				GCC_WARN_64_TO_32_BIT_CONVERSION = YES;
				GCC_WARN_ABOUT_RETURN_TYPE = YES_ERROR;
				GCC_WARN_UNDECLARED_SELECTOR = YES;
				GCC_WARN_UNINITIALIZED_AUTOS = YES_AGGRESSIVE;
				GCC_WARN_UNUSED_FUNCTION = YES;
				GCC_WARN_UNUSED_VARIABLE = YES;
				IPHONEOS_DEPLOYMENT_TARGET = 7.0;
				MTL_ENABLE_DEBUG_INFO = YES;
				ONLY_ACTIVE_ARCH = YES;
				SDKROOT = iphoneos;
				TARGETED_DEVICE_FAMILY = "1,2";
			};
			name = Debug;
		};
		FE851EFB1AD121C300BFB09A /* Release */ = {
			isa = XCBuildConfiguration;
			buildSettings = {
				ALWAYS_SEARCH_USER_PATHS = NO;
				CLANG_CXX_LANGUAGE_STANDARD = "gnu++0x";
				CLANG_CXX_LIBRARY = "libc++";
				CLANG_ENABLE_MODULES = YES;
				CLANG_ENABLE_OBJC_ARC = YES;
				CLANG_WARN_BOOL_CONVERSION = YES;
				CLANG_WARN_CONSTANT_CONVERSION = YES;
				CLANG_WARN_DIRECT_OBJC_ISA_USAGE = YES_ERROR;
				CLANG_WARN_EMPTY_BODY = YES;
				CLANG_WARN_ENUM_CONVERSION = YES;
				CLANG_WARN_INT_CONVERSION = YES;
				CLANG_WARN_OBJC_ROOT_CLASS = YES_ERROR;
				CLANG_WARN_UNREACHABLE_CODE = YES;
				CLANG_WARN__DUPLICATE_METHOD_MATCH = YES;
				"CODE_SIGN_IDENTITY[sdk=iphoneos*]" = "iPhone Developer";
				COPY_PHASE_STRIP = NO;
				ENABLE_NS_ASSERTIONS = NO;
				ENABLE_STRICT_OBJC_MSGSEND = YES;
				GCC_C_LANGUAGE_STANDARD = gnu99;
				GCC_WARN_64_TO_32_BIT_CONVERSION = YES;
				GCC_WARN_ABOUT_RETURN_TYPE = YES_ERROR;
				GCC_WARN_UNDECLARED_SELECTOR = YES;
				GCC_WARN_UNINITIALIZED_AUTOS = YES_AGGRESSIVE;
				GCC_WARN_UNUSED_FUNCTION = YES;
				GCC_WARN_UNUSED_VARIABLE = YES;
				IPHONEOS_DEPLOYMENT_TARGET = 7.0;
				MTL_ENABLE_DEBUG_INFO = NO;
				SDKROOT = iphoneos;
				TARGETED_DEVICE_FAMILY = "1,2";
				VALIDATE_PRODUCT = YES;
			};
			name = Release;
		};
		FE851EFD1AD121C300BFB09A /* Debug */ = {
			isa = XCBuildConfiguration;
			baseConfigurationReference = 04CD670973547C1F94590720 /* Pods.debug.xcconfig */;
			buildSettings = {
				ASSETCATALOG_COMPILER_APPICON_NAME = AppIcon;
				CODE_SIGN_IDENTITY = "";
				"CODE_SIGN_IDENTITY[sdk=iphoneos*]" = "iPhone Developer";
				ENABLE_BITCODE = NO;
				INFOPLIST_FILE = "$(SRCROOT)/ByApartments/Supporting Files/Info.plist";
				IPHONEOS_DEPLOYMENT_TARGET = 8.0;
				LD_RUNPATH_SEARCH_PATHS = "$(inherited) @executable_path/Frameworks";
				PRODUCT_BUNDLE_IDENTIFIER = com.intellectsoft.appid2;
				PRODUCT_NAME = "$(TARGET_NAME)";
			};
			name = Debug;
		};
		FE851EFE1AD121C300BFB09A /* Release */ = {
			isa = XCBuildConfiguration;
			baseConfigurationReference = EA63A4B5B9CA48AF3C7D3A01 /* Pods.release.xcconfig */;
			buildSettings = {
				ASSETCATALOG_COMPILER_APPICON_NAME = AppIcon;
				CODE_SIGN_IDENTITY = "";
				"CODE_SIGN_IDENTITY[sdk=iphoneos*]" = "iPhone Developer";
				ENABLE_BITCODE = NO;
				INFOPLIST_FILE = "$(SRCROOT)/ByApartments/Supporting Files/Info.plist";
				IPHONEOS_DEPLOYMENT_TARGET = 8.0;
				LD_RUNPATH_SEARCH_PATHS = "$(inherited) @executable_path/Frameworks";
				PRODUCT_BUNDLE_IDENTIFIER = com.intellectsoft.appid2;
				PRODUCT_NAME = "$(TARGET_NAME)";
			};
			name = Release;
		};
/* End XCBuildConfiguration section */

/* Begin XCConfigurationList section */
		FE851ED41AD121C300BFB09A /* Build configuration list for PBXProject "ByApartments" */ = {
			isa = XCConfigurationList;
			buildConfigurations = (
				FE851EFA1AD121C300BFB09A /* Debug */,
				FE851EFB1AD121C300BFB09A /* Release */,
			);
			defaultConfigurationIsVisible = 0;
			defaultConfigurationName = Release;
		};
		FE851EFC1AD121C300BFB09A /* Build configuration list for PBXNativeTarget "ByApartments" */ = {
			isa = XCConfigurationList;
			buildConfigurations = (
				FE851EFD1AD121C300BFB09A /* Debug */,
				FE851EFE1AD121C300BFB09A /* Release */,
			);
			defaultConfigurationIsVisible = 0;
			defaultConfigurationName = Release;
		};
/* End XCConfigurationList section */
	};
	rootObject = FE851ED11AD121C300BFB09A /* Project object */;
}
